// !$*UTF8*$!
{
	archiveVersion = 1;
	classes = {
	};
	objectVersion = 56;
	objects = {

/* Begin PBXBuildFile section */
		643CEA922BA514FC005564CA /* LedStatus.swift in Sources */ = {isa = PBXBuildFile; fileRef = 643CEA912BA514FC005564CA /* LedStatus.swift */; };
		6461475B2B9C7D8F005190CF /* AppDelegate.swift in Sources */ = {isa = PBXBuildFile; fileRef = 6461475A2B9C7D8F005190CF /* AppDelegate.swift */; };
		6461475D2B9C7D8F005190CF /* SceneDelegate.swift in Sources */ = {isa = PBXBuildFile; fileRef = 6461475C2B9C7D8F005190CF /* SceneDelegate.swift */; };
		6461475F2B9C7D8F005190CF /* GameViewController.swift in Sources */ = {isa = PBXBuildFile; fileRef = 6461475E2B9C7D8F005190CF /* GameViewController.swift */; };
		646147622B9C7D8F005190CF /* Main.storyboard in Resources */ = {isa = PBXBuildFile; fileRef = 646147602B9C7D8F005190CF /* Main.storyboard */; };
		646147642B9C7D93005190CF /* Assets.xcassets in Resources */ = {isa = PBXBuildFile; fileRef = 646147632B9C7D93005190CF /* Assets.xcassets */; };
		646147672B9C7D93005190CF /* LaunchScreen.storyboard in Resources */ = {isa = PBXBuildFile; fileRef = 646147652B9C7D93005190CF /* LaunchScreen.storyboard */; };
		646147722B9C84FB005190CF /* SocketHandler.swift in Sources */ = {isa = PBXBuildFile; fileRef = 646147712B9C84FB005190CF /* SocketHandler.swift */; };
		646147742B9C8A86005190CF /* Score.swift in Sources */ = {isa = PBXBuildFile; fileRef = 646147732B9C8A86005190CF /* Score.swift */; };
		646147762B9CAB76005190CF /* UserNameViewController.swift in Sources */ = {isa = PBXBuildFile; fileRef = 646147752B9CAB76005190CF /* UserNameViewController.swift */; };
		646147792B9CE5CB005190CF /* SocketIO in Frameworks */ = {isa = PBXBuildFile; productRef = 646147782B9CE5CB005190CF /* SocketIO */; };
/* End PBXBuildFile section */

/* Begin PBXFileReference section */
		643CEA912BA514FC005564CA /* LedStatus.swift */ = {isa = PBXFileReference; lastKnownFileType = sourcecode.swift; path = LedStatus.swift; sourceTree = "<group>"; };
		646147572B9C7D8F005190CF /* GameNodeJs.app */ = {isa = PBXFileReference; explicitFileType = wrapper.application; includeInIndex = 0; path = GameNodeJs.app; sourceTree = BUILT_PRODUCTS_DIR; };
		6461475A2B9C7D8F005190CF /* AppDelegate.swift */ = {isa = PBXFileReference; lastKnownFileType = sourcecode.swift; path = AppDelegate.swift; sourceTree = "<group>"; };
		6461475C2B9C7D8F005190CF /* SceneDelegate.swift */ = {isa = PBXFileReference; lastKnownFileType = sourcecode.swift; path = SceneDelegate.swift; sourceTree = "<group>"; };
		6461475E2B9C7D8F005190CF /* GameViewController.swift */ = {isa = PBXFileReference; lastKnownFileType = sourcecode.swift; path = GameViewController.swift; sourceTree = "<group>"; };
		646147612B9C7D8F005190CF /* Base */ = {isa = PBXFileReference; lastKnownFileType = file.storyboard; name = Base; path = Base.lproj/Main.storyboard; sourceTree = "<group>"; };
		646147632B9C7D93005190CF /* Assets.xcassets */ = {isa = PBXFileReference; lastKnownFileType = folder.assetcatalog; path = Assets.xcassets; sourceTree = "<group>"; };
		646147662B9C7D93005190CF /* Base */ = {isa = PBXFileReference; lastKnownFileType = file.storyboard; name = Base; path = Base.lproj/LaunchScreen.storyboard; sourceTree = "<group>"; };
		646147682B9C7D93005190CF /* Info.plist */ = {isa = PBXFileReference; lastKnownFileType = text.plist.xml; path = Info.plist; sourceTree = "<group>"; };
		646147712B9C84FB005190CF /* SocketHandler.swift */ = {isa = PBXFileReference; lastKnownFileType = sourcecode.swift; path = SocketHandler.swift; sourceTree = "<group>"; };
		646147732B9C8A86005190CF /* Score.swift */ = {isa = PBXFileReference; lastKnownFileType = sourcecode.swift; path = Score.swift; sourceTree = "<group>"; };
		646147752B9CAB76005190CF /* UserNameViewController.swift */ = {isa = PBXFileReference; lastKnownFileType = sourcecode.swift; path = UserNameViewController.swift; sourceTree = "<group>"; };
/* End PBXFileReference section */

/* Begin PBXFrameworksBuildPhase section */
		646147542B9C7D8F005190CF /* Frameworks */ = {
			isa = PBXFrameworksBuildPhase;
			buildActionMask = 2147483647;
			files = (
				646147792B9CE5CB005190CF /* SocketIO in Frameworks */,
			);
			runOnlyForDeploymentPostprocessing = 0;
		};
/* End PBXFrameworksBuildPhase section */

/* Begin PBXGroup section */
		6461474E2B9C7D8F005190CF = {
			isa = PBXGroup;
			children = (
				646147592B9C7D8F005190CF /* GameNodeJs */,
				646147582B9C7D8F005190CF /* Products */,
				646147772B9CE5CB005190CF /* Frameworks */,
			);
			sourceTree = "<group>";
		};
		646147582B9C7D8F005190CF /* Products */ = {
			isa = PBXGroup;
			children = (
				646147572B9C7D8F005190CF /* GameNodeJs.app */,
			);
			name = Products;
			sourceTree = "<group>";
		};
		646147592B9C7D8F005190CF /* GameNodeJs */ = {
			isa = PBXGroup;
			children = (
				6461475A2B9C7D8F005190CF /* AppDelegate.swift */,
				6461475C2B9C7D8F005190CF /* SceneDelegate.swift */,
				6461475E2B9C7D8F005190CF /* GameViewController.swift */,
				646147752B9CAB76005190CF /* UserNameViewController.swift */,
				646147712B9C84FB005190CF /* SocketHandler.swift */,
				646147732B9C8A86005190CF /* Score.swift */,
				643CEA912BA514FC005564CA /* LedStatus.swift */,
				646147602B9C7D8F005190CF /* Main.storyboard */,
				646147632B9C7D93005190CF /* Assets.xcassets */,
				646147652B9C7D93005190CF /* LaunchScreen.storyboard */,
				646147682B9C7D93005190CF /* Info.plist */,
			);
			path = GameNodeJs;
			sourceTree = "<group>";
		};
		646147772B9CE5CB005190CF /* Frameworks */ = {
			isa = PBXGroup;
			children = (
			);
			name = Frameworks;
			sourceTree = "<group>";
		};
/* End PBXGroup section */

/* Begin PBXNativeTarget section */
		646147562B9C7D8F005190CF /* GameNodeJs */ = {
			isa = PBXNativeTarget;
			buildConfigurationList = 6461476B2B9C7D93005190CF /* Build configuration list for PBXNativeTarget "GameNodeJs" */;
			buildPhases = (
				646147532B9C7D8F005190CF /* Sources */,
				646147542B9C7D8F005190CF /* Frameworks */,
				646147552B9C7D8F005190CF /* Resources */,
			);
			buildRules = (
			);
			dependencies = (
			);
			name = GameNodeJs;
			packageProductDependencies = (
				646147782B9CE5CB005190CF /* SocketIO */,
			);
			productName = GameNodeJs;
			productReference = 646147572B9C7D8F005190CF /* GameNodeJs.app */;
			productType = "com.apple.product-type.application";
		};
/* End PBXNativeTarget section */

/* Begin PBXProject section */
		6461474F2B9C7D8F005190CF /* Project object */ = {
			isa = PBXProject;
			attributes = {
				BuildIndependentTargetsInParallel = 1;
				LastSwiftUpdateCheck = 1430;
				LastUpgradeCheck = 1430;
				TargetAttributes = {
					646147562B9C7D8F005190CF = {
						CreatedOnToolsVersion = 14.3.1;
					};
				};
			};
			buildConfigurationList = 646147522B9C7D8F005190CF /* Build configuration list for PBXProject "GameNodeJs" */;
			compatibilityVersion = "Xcode 14.0";
			developmentRegion = en;
			hasScannedForEncodings = 0;
			knownRegions = (
				en,
				Base,
			);
			mainGroup = 6461474E2B9C7D8F005190CF;
			packageReferences = (
				6461476E2B9C84B1005190CF /* XCRemoteSwiftPackageReference "socket.io-client-swift" */,
			);
			productRefGroup = 646147582B9C7D8F005190CF /* Products */;
			projectDirPath = "";
			projectRoot = "";
			targets = (
				646147562B9C7D8F005190CF /* GameNodeJs */,
			);
		};
/* End PBXProject section */

/* Begin PBXResourcesBuildPhase section */
		646147552B9C7D8F005190CF /* Resources */ = {
			isa = PBXResourcesBuildPhase;
			buildActionMask = 2147483647;
			files = (
				646147672B9C7D93005190CF /* LaunchScreen.storyboard in Resources */,
				646147642B9C7D93005190CF /* Assets.xcassets in Resources */,
				646147622B9C7D8F005190CF /* Main.storyboard in Resources */,
			);
			runOnlyForDeploymentPostprocessing = 0;
		};
/* End PBXResourcesBuildPhase section */

/* Begin PBXSourcesBuildPhase section */
		646147532B9C7D8F005190CF /* Sources */ = {
			isa = PBXSourcesBuildPhase;
			buildActionMask = 2147483647;
			files = (
				6461475F2B9C7D8F005190CF /* GameViewController.swift in Sources */,
				646147722B9C84FB005190CF /* SocketHandler.swift in Sources */,
				6461475B2B9C7D8F005190CF /* AppDelegate.swift in Sources */,
				6461475D2B9C7D8F005190CF /* SceneDelegate.swift in Sources */,
				646147762B9CAB76005190CF /* UserNameViewController.swift in Sources */,
				646147742B9C8A86005190CF /* Score.swift in Sources */,
				643CEA922BA514FC005564CA /* LedStatus.swift in Sources */,
			);
			runOnlyForDeploymentPostprocessing = 0;
		};
/* End PBXSourcesBuildPhase section */

/* Begin PBXVariantGroup section */
		646147602B9C7D8F005190CF /* Main.storyboard */ = {
			isa = PBXVariantGroup;
			children = (
				646147612B9C7D8F005190CF /* Base */,
			);
			name = Main.storyboard;
			sourceTree = "<group>";
		};
		646147652B9C7D93005190CF /* LaunchScreen.storyboard */ = {
			isa = PBXVariantGroup;
			children = (
				646147662B9C7D93005190CF /* Base */,
			);
			name = LaunchScreen.storyboard;
			sourceTree = "<group>";
		};
/* End PBXVariantGroup section */

/* Begin XCBuildConfiguration section */
		646147692B9C7D93005190CF /* Debug */ = {
			isa = XCBuildConfiguration;
			buildSettings = {
				ALWAYS_SEARCH_USER_PATHS = NO;
				CLANG_ANALYZER_NONNULL = YES;
				CLANG_ANALYZER_NUMBER_OBJECT_CONVERSION = YES_AGGRESSIVE;
				CLANG_CXX_LANGUAGE_STANDARD = "gnu++20";
				CLANG_ENABLE_MODULES = YES;
				CLANG_ENABLE_OBJC_ARC = YES;
				CLANG_ENABLE_OBJC_WEAK = YES;
				CLANG_WARN_BLOCK_CAPTURE_AUTORELEASING = YES;
				CLANG_WARN_BOOL_CONVERSION = YES;
				CLANG_WARN_COMMA = YES;
				CLANG_WARN_CONSTANT_CONVERSION = YES;
				CLANG_WARN_DEPRECATED_OBJC_IMPLEMENTATIONS = YES;
				CLANG_WARN_DIRECT_OBJC_ISA_USAGE = YES_ERROR;
				CLANG_WARN_DOCUMENTATION_COMMENTS = YES;
				CLANG_WARN_EMPTY_BODY = YES;
				CLANG_WARN_ENUM_CONVERSION = YES;
				CLANG_WARN_INFINITE_RECURSION = YES;
				CLANG_WARN_INT_CONVERSION = YES;
				CLANG_WARN_NON_LITERAL_NULL_CONVERSION = YES;
				CLANG_WARN_OBJC_IMPLICIT_RETAIN_SELF = YES;
				CLANG_WARN_OBJC_LITERAL_CONVERSION = YES;
				CLANG_WARN_OBJC_ROOT_CLASS = YES_ERROR;
				CLANG_WARN_QUOTED_INCLUDE_IN_FRAMEWORK_HEADER = YES;
				CLANG_WARN_RANGE_LOOP_ANALYSIS = YES;
				CLANG_WARN_STRICT_PROTOTYPES = YES;
				CLANG_WARN_SUSPICIOUS_MOVE = YES;
				CLANG_WARN_UNGUARDED_AVAILABILITY = YES_AGGRESSIVE;
				CLANG_WARN_UNREACHABLE_CODE = YES;
				CLANG_WARN__DUPLICATE_METHOD_MATCH = YES;
				COPY_PHASE_STRIP = NO;
				DEBUG_INFORMATION_FORMAT = dwarf;
				ENABLE_STRICT_OBJC_MSGSEND = YES;
				ENABLE_TESTABILITY = YES;
				GCC_C_LANGUAGE_STANDARD = gnu11;
				GCC_DYNAMIC_NO_PIC = NO;
				GCC_NO_COMMON_BLOCKS = YES;
				GCC_OPTIMIZATION_LEVEL = 0;
				GCC_PREPROCESSOR_DEFINITIONS = (
					"DEBUG=1",
					"$(inherited)",
				);
				GCC_WARN_64_TO_32_BIT_CONVERSION = YES;
				GCC_WARN_ABOUT_RETURN_TYPE = YES_ERROR;
				GCC_WARN_UNDECLARED_SELECTOR = YES;
				GCC_WARN_UNINITIALIZED_AUTOS = YES_AGGRESSIVE;
				GCC_WARN_UNUSED_FUNCTION = YES;
				GCC_WARN_UNUSED_VARIABLE = YES;
				IPHONEOS_DEPLOYMENT_TARGET = 16.4;
				MTL_ENABLE_DEBUG_INFO = INCLUDE_SOURCE;
				MTL_FAST_MATH = YES;
				ONLY_ACTIVE_ARCH = YES;
				SDKROOT = iphoneos;
				SWIFT_ACTIVE_COMPILATION_CONDITIONS = DEBUG;
				SWIFT_OPTIMIZATION_LEVEL = "-Onone";
			};
			name = Debug;
		};
		6461476A2B9C7D93005190CF /* Release */ = {
			isa = XCBuildConfiguration;
			buildSettings = {
				ALWAYS_SEARCH_USER_PATHS = NO;
				CLANG_ANALYZER_NONNULL = YES;
				CLANG_ANALYZER_NUMBER_OBJECT_CONVERSION = YES_AGGRESSIVE;
				CLANG_CXX_LANGUAGE_STANDARD = "gnu++20";
				CLANG_ENABLE_MODULES = YES;
				CLANG_ENABLE_OBJC_ARC = YES;
				CLANG_ENABLE_OBJC_WEAK = YES;
				CLANG_WARN_BLOCK_CAPTURE_AUTORELEASING = YES;
				CLANG_WARN_BOOL_CONVERSION = YES;
				CLANG_WARN_COMMA = YES;
				CLANG_WARN_CONSTANT_CONVERSION = YES;
				CLANG_WARN_DEPRECATED_OBJC_IMPLEMENTATIONS = YES;
				CLANG_WARN_DIRECT_OBJC_ISA_USAGE = YES_ERROR;
				CLANG_WARN_DOCUMENTATION_COMMENTS = YES;
				CLANG_WARN_EMPTY_BODY = YES;
				CLANG_WARN_ENUM_CONVERSION = YES;
				CLANG_WARN_INFINITE_RECURSION = YES;
				CLANG_WARN_INT_CONVERSION = YES;
				CLANG_WARN_NON_LITERAL_NULL_CONVERSION = YES;
				CLANG_WARN_OBJC_IMPLICIT_RETAIN_SELF = YES;
				CLANG_WARN_OBJC_LITERAL_CONVERSION = YES;
				CLANG_WARN_OBJC_ROOT_CLASS = YES_ERROR;
				CLANG_WARN_QUOTED_INCLUDE_IN_FRAMEWORK_HEADER = YES;
				CLANG_WARN_RANGE_LOOP_ANALYSIS = YES;
				CLANG_WARN_STRICT_PROTOTYPES = YES;
				CLANG_WARN_SUSPICIOUS_MOVE = YES;
				CLANG_WARN_UNGUARDED_AVAILABILITY = YES_AGGRESSIVE;
				CLANG_WARN_UNREACHABLE_CODE = YES;
				CLANG_WARN__DUPLICATE_METHOD_MATCH = YES;
				COPY_PHASE_STRIP = NO;
				DEBUG_INFORMATION_FORMAT = "dwarf-with-dsym";
				ENABLE_NS_ASSERTIONS = NO;
				ENABLE_STRICT_OBJC_MSGSEND = YES;
				GCC_C_LANGUAGE_STANDARD = gnu11;
				GCC_NO_COMMON_BLOCKS = YES;
				GCC_WARN_64_TO_32_BIT_CONVERSION = YES;
				GCC_WARN_ABOUT_RETURN_TYPE = YES_ERROR;
				GCC_WARN_UNDECLARED_SELECTOR = YES;
				GCC_WARN_UNINITIALIZED_AUTOS = YES_AGGRESSIVE;
				GCC_WARN_UNUSED_FUNCTION = YES;
				GCC_WARN_UNUSED_VARIABLE = YES;
				IPHONEOS_DEPLOYMENT_TARGET = 16.4;
				MTL_ENABLE_DEBUG_INFO = NO;
				MTL_FAST_MATH = YES;
				SDKROOT = iphoneos;
				SWIFT_COMPILATION_MODE = wholemodule;
				SWIFT_OPTIMIZATION_LEVEL = "-O";
				VALIDATE_PRODUCT = YES;
			};
			name = Release;
		};
		6461476C2B9C7D93005190CF /* Debug */ = {
			isa = XCBuildConfiguration;
			buildSettings = {
				ASSETCATALOG_COMPILER_APPICON_NAME = AppIcon;
				ASSETCATALOG_COMPILER_GLOBAL_ACCENT_COLOR_NAME = AccentColor;
				CODE_SIGN_STYLE = Automatic;
				CURRENT_PROJECT_VERSION = 1;
				GENERATE_INFOPLIST_FILE = YES;
				INFOPLIST_FILE = GameNodeJs/Info.plist;
				INFOPLIST_KEY_UIApplicationSupportsIndirectInputEvents = YES;
				INFOPLIST_KEY_UILaunchStoryboardName = LaunchScreen;
				INFOPLIST_KEY_UIMainStoryboardFile = Main;
				INFOPLIST_KEY_UISupportedInterfaceOrientations = UIInterfaceOrientationPortrait;
				LD_RUNPATH_SEARCH_PATHS = (
					"$(inherited)",
					"@executable_path/Frameworks",
				);
				MARKETING_VERSION = 1.0;
				PRODUCT_BUNDLE_IDENTIFIER = com.bbk.GameNodeJs;
				PRODUCT_NAME = "$(TARGET_NAME)";
				SWIFT_EMIT_LOC_STRINGS = YES;
				SWIFT_VERSION = 5.0;
				TARGETED_DEVICE_FAMILY = "1,2";
			};
			name = Debug;
		};
		6461476D2B9C7D93005190CF /* Release */ = {
			isa = XCBuildConfiguration;
			buildSettings = {
				ASSETCATALOG_COMPILER_APPICON_NAME = AppIcon;
				ASSETCATALOG_COMPILER_GLOBAL_ACCENT_COLOR_NAME = AccentColor;
				CODE_SIGN_STYLE = Automatic;
				CURRENT_PROJECT_VERSION = 1;
				GENERATE_INFOPLIST_FILE = YES;
				INFOPLIST_FILE = GameNodeJs/Info.plist;
				INFOPLIST_KEY_UIApplicationSupportsIndirectInputEvents = YES;
				INFOPLIST_KEY_UILaunchStoryboardName = LaunchScreen;
				INFOPLIST_KEY_UIMainStoryboardFile = Main;
				INFOPLIST_KEY_UISupportedInterfaceOrientations = UIInterfaceOrientationPortrait;
				LD_RUNPATH_SEARCH_PATHS = (
					"$(inherited)",
					"@executable_path/Frameworks",
				);
				MARKETING_VERSION = 1.0;
				PRODUCT_BUNDLE_IDENTIFIER = com.bbk.GameNodeJs;
				PRODUCT_NAME = "$(TARGET_NAME)";
				SWIFT_EMIT_LOC_STRINGS = YES;
				SWIFT_VERSION = 5.0;
				TARGETED_DEVICE_FAMILY = "1,2";
			};
			name = Release;
		};
/* End XCBuildConfiguration section */

/* Begin XCConfigurationList section */
		646147522B9C7D8F005190CF /* Build configuration list for PBXProject "GameNodeJs" */ = {
			isa = XCConfigurationList;
			buildConfigurations = (
				646147692B9C7D93005190CF /* Debug */,
				6461476A2B9C7D93005190CF /* Release */,
			);
			defaultConfigurationIsVisible = 0;
			defaultConfigurationName = Release;
		};
		6461476B2B9C7D93005190CF /* Build configuration list for PBXNativeTarget "GameNodeJs" */ = {
			isa = XCConfigurationList;
			buildConfigurations = (
				6461476C2B9C7D93005190CF /* Debug */,
				6461476D2B9C7D93005190CF /* Release */,
			);
			defaultConfigurationIsVisible = 0;
			defaultConfigurationName = Release;
		};
/* End XCConfigurationList section */

/* Begin XCRemoteSwiftPackageReference section */
		6461476E2B9C84B1005190CF /* XCRemoteSwiftPackageReference "socket.io-client-swift" */ = {
			isa = XCRemoteSwiftPackageReference;
			repositoryURL = "https://github.com/socketio/socket.io-client-swift.git";
			requirement = {
				kind = upToNextMajorVersion;
				minimumVersion = 16.1.0;
			};
		};
/* End XCRemoteSwiftPackageReference section */

/* Begin XCSwiftPackageProductDependency section */
		646147782B9CE5CB005190CF /* SocketIO */ = {
			isa = XCSwiftPackageProductDependency;
			package = 6461476E2B9C84B1005190CF /* XCRemoteSwiftPackageReference "socket.io-client-swift" */;
			productName = SocketIO;
		};
/* End XCSwiftPackageProductDependency section */
	};
	rootObject = 6461474F2B9C7D8F005190CF /* Project object */;
}
